
Microsoft Visual Studio Solution File, Format Version 12.00
# Visual Studio 14
VisualStudioVersion = 14.0.25420.1
MinimumVisualStudioVersion = 10.0.40219.1
Project("{FAE04EC0-301F-11D3-BF4B-00C04F79EFBC}") = "Task1", "Task1\Task1.csproj", "{7EEFC701-6A8A-4B59-A202-F5B439843565}"
EndProject
Project("{FAE04EC0-301F-11D3-BF4B-00C04F79EFBC}") = "Task1.CUI", "Task1.CUI\Task1.CUI.csproj", "{14C3A270-C078-46E6-9318-EAF44DDE8820}"
EndProject
Project("{FAE04EC0-301F-11D3-BF4B-00C04F79EFBC}") = "Task2", "Task2\Task2.csproj", "{CA18A598-7386-4220-AFD3-DAD8321815D9}"
EndProject
Project("{FAE04EC0-301F-11D3-BF4B-00C04F79EFBC}") = "Task2.CUI", "Task2.CUI\Task2.CUI.csproj", "{64DD3DF5-6DEB-4E62-B58F-3007CD80491A}"
EndProject
Project("{FAE04EC0-301F-11D3-BF4B-00C04F79EFBC}") = "Task3", "Task3\Task3.csproj", "{88D6E10E-3D4D-4FEC-8064-508649D19303}"
EndProject
Project("{FAE04EC0-301F-11D3-BF4B-00C04F79EFBC}") = "Task3.CUI", "Task3.CUI\Task3.CUI.csproj", "{F072B5F1-5633-4398-B54D-5CE797EE20CE}"
EndProject
Project("{FAE04EC0-301F-11D3-BF4B-00C04F79EFBC}") = "Task3.MSUnitTests", "Task3.MSUnitTests\Task3.MSUnitTests.csproj", "{B1C16472-8A82-40A0-BFA9-7B27652B1CDC}"
EndProject
Project("{FAE04EC0-301F-11D3-BF4B-00C04F79EFBC}") = "Task3.NUnitTests", "Task3.NUnitTests\Task3.NUnitTests.csproj", "{8EDF4429-251A-416D-BB68-93F227191BCF}"
EndProject
Global
	GlobalSection(SolutionConfigurationPlatforms) = preSolution
		Debug|Any CPU = Debug|Any CPU
		Release|Any CPU = Release|Any CPU
	EndGlobalSection
	GlobalSection(ProjectConfigurationPlatforms) = postSolution
		{7EEFC701-6A8A-4B59-A202-F5B439843565}.Debug|Any CPU.ActiveCfg = Debug|Any CPU
		{7EEFC701-6A8A-4B59-A202-F5B439843565}.Debug|Any CPU.Build.0 = Debug|Any CPU
		{7EEFC701-6A8A-4B59-A202-F5B439843565}.Release|Any CPU.ActiveCfg = Release|Any CPU
		{7EEFC701-6A8A-4B59-A202-F5B439843565}.Release|Any CPU.Build.0 = Release|Any CPU
		{14C3A270-C078-46E6-9318-EAF44DDE8820}.Debug|Any CPU.ActiveCfg = Debug|Any CPU
		{14C3A270-C078-46E6-9318-EAF44DDE8820}.Debug|Any CPU.Build.0 = Debug|Any CPU
		{14C3A270-C078-46E6-9318-EAF44DDE8820}.Release|Any CPU.ActiveCfg = Release|Any CPU
		{14C3A270-C078-46E6-9318-EAF44DDE8820}.Release|Any CPU.Build.0 = Release|Any CPU
		{CA18A598-7386-4220-AFD3-DAD8321815D9}.Debug|Any CPU.ActiveCfg = Debug|Any CPU
		{CA18A598-7386-4220-AFD3-DAD8321815D9}.Debug|Any CPU.Build.0 = Debug|Any CPU
		{CA18A598-7386-4220-AFD3-DAD8321815D9}.Release|Any CPU.ActiveCfg = Release|Any CPU
		{CA18A598-7386-4220-AFD3-DAD8321815D9}.Release|Any CPU.Build.0 = Release|Any CPU
		{64DD3DF5-6DEB-4E62-B58F-3007CD80491A}.Debug|Any CPU.ActiveCfg = Debug|Any CPU
		{64DD3DF5-6DEB-4E62-B58F-3007CD80491A}.Debug|Any CPU.Build.0 = Debug|Any CPU
		{64DD3DF5-6DEB-4E62-B58F-3007CD80491A}.Release|Any CPU.ActiveCfg = Release|Any CPU
		{64DD3DF5-6DEB-4E62-B58F-3007CD80491A}.Release|Any CPU.Build.0 = Release|Any CPU
		{88D6E10E-3D4D-4FEC-8064-508649D19303}.Debug|Any CPU.ActiveCfg = Debug|Any CPU
		{88D6E10E-3D4D-4FEC-8064-508649D19303}.Debug|Any CPU.Build.0 = Debug|Any CPU
		{88D6E10E-3D4D-4FEC-8064-508649D19303}.Release|Any CPU.ActiveCfg = Release|Any CPU
		{88D6E10E-3D4D-4FEC-8064-508649D19303}.Release|Any CPU.Build.0 = Release|Any CPU
		{F072B5F1-5633-4398-B54D-5CE797EE20CE}.Debug|Any CPU.ActiveCfg = Debug|Any CPU
		{F072B5F1-5633-4398-B54D-5CE797EE20CE}.Debug|Any CPU.Build.0 = Debug|Any CPU
		{F072B5F1-5633-4398-B54D-5CE797EE20CE}.Release|Any CPU.ActiveCfg = Release|Any CPU
		{F072B5F1-5633-4398-B54D-5CE797EE20CE}.Release|Any CPU.Build.0 = Release|Any CPU
		{B1C16472-8A82-40A0-BFA9-7B27652B1CDC}.Debug|Any CPU.ActiveCfg = Debug|Any CPU
		{B1C16472-8A82-40A0-BFA9-7B27652B1CDC}.Debug|Any CPU.Build.0 = Debug|Any CPU
		{B1C16472-8A82-40A0-BFA9-7B27652B1CDC}.Release|Any CPU.ActiveCfg = Release|Any CPU
		{B1C16472-8A82-40A0-BFA9-7B27652B1CDC}.Release|Any CPU.Build.0 = Release|Any CPU
		{8EDF4429-251A-416D-BB68-93F227191BCF}.Debug|Any CPU.ActiveCfg = Debug|Any CPU
		{8EDF4429-251A-416D-BB68-93F227191BCF}.Debug|Any CPU.Build.0 = Debug|Any CPU
		{8EDF4429-251A-416D-BB68-93F227191BCF}.Release|Any CPU.ActiveCfg = Release|Any CPU
		{8EDF4429-251A-416D-BB68-93F227191BCF}.Release|Any CPU.Build.0 = Release|Any CPU
	EndGlobalSection
	GlobalSection(SolutionProperties) = preSolution
		HideSolutionNode = FALSE
	EndGlobalSection
EndGlobal
